
Microsoft Visual Studio Solution File, Format Version 12.00
# Visual Studio Version 17
VisualStudioVersion = 17.8.34330.188
MinimumVisualStudioVersion = 10.0.40219.1
Project("{FAE04EC0-301F-11D3-BF4B-00C04F79EFBC}") = "RunnersAppBackEndApi", "RunnersAppBackEndApi.csproj", "{8DBC0F27-A61E-4DA9-8B71-3740C2A28388}"
EndProject
Global
	GlobalSection(SolutionConfigurationPlatforms) = preSolution
		Debug|Any CPU = Debug|Any CPU
		Release|Any CPU = Release|Any CPU
	EndGlobalSection
	GlobalSection(ProjectConfigurationPlatforms) = postSolution
		{8DBC0F27-A61E-4DA9-8B71-3740C2A28388}.Debug|Any CPU.ActiveCfg = Debug|Any CPU
		{8DBC0F27-A61E-4DA9-8B71-3740C2A28388}.Debug|Any CPU.Build.0 = Debug|Any CPU
		{8DBC0F27-A61E-4DA9-8B71-3740C2A28388}.Release|Any CPU.ActiveCfg = Release|Any CPU
		{8DBC0F27-A61E-4DA9-8B71-3740C2A28388}.Release|Any CPU.Build.0 = Release|Any CPU
	EndGlobalSection
	GlobalSection(SolutionProperties) = preSolution
		HideSolutionNode = FALSE
	EndGlobalSection
	GlobalSection(ExtensibilityGlobals) = postSolution
		SolutionGuid = {50FECD2E-D331-479A-A44D-BDF34C90D221}
	EndGlobalSection
EndGlobal
